
Microsoft Visual Studio Solution File, Format Version 12.00
# Visual Studio Version 16
VisualStudioVersion = 16.0.30523.141
MinimumVisualStudioVersion = 10.0.40219.1
Project("{9A19103F-16F7-4668-BE54-9A1E7A4F7556}") = "PatientsService", "PatientsService\PatientsService.csproj", "{135D1F7F-ECDF-4418-B609-19D371F6CA2E}"
EndProject
Project("{9A19103F-16F7-4668-BE54-9A1E7A4F7556}") = "PatientsService.Client", "PatientsService.Client\PatientsService.Client.csproj", "{C6E83999-6393-4F69-B2A8-98EFA09D8336}"
EndProject
Project("{FAE04EC0-301F-11D3-BF4B-00C04F79EFBC}") = "PatientsService.EmailService", "PatientsService.EmailService\PatientsService.EmailService.csproj", "{CEF20A35-8E37-4C1F-8631-B5E4B8CD344A}"
EndProject
Global
	GlobalSection(SolutionConfigurationPlatforms) = preSolution
		Debug|Any CPU = Debug|Any CPU
		Release|Any CPU = Release|Any CPU
	EndGlobalSection
	GlobalSection(ProjectConfigurationPlatforms) = postSolution
		{135D1F7F-ECDF-4418-B609-19D371F6CA2E}.Debug|Any CPU.ActiveCfg = Debug|Any CPU
		{135D1F7F-ECDF-4418-B609-19D371F6CA2E}.Debug|Any CPU.Build.0 = Debug|Any CPU
		{135D1F7F-ECDF-4418-B609-19D371F6CA2E}.Release|Any CPU.ActiveCfg = Release|Any CPU
		{135D1F7F-ECDF-4418-B609-19D371F6CA2E}.Release|Any CPU.Build.0 = Release|Any CPU
		{C6E83999-6393-4F69-B2A8-98EFA09D8336}.Debug|Any CPU.ActiveCfg = Debug|Any CPU
		{C6E83999-6393-4F69-B2A8-98EFA09D8336}.Debug|Any CPU.Build.0 = Debug|Any CPU
		{C6E83999-6393-4F69-B2A8-98EFA09D8336}.Release|Any CPU.ActiveCfg = Release|Any CPU
		{C6E83999-6393-4F69-B2A8-98EFA09D8336}.Release|Any CPU.Build.0 = Release|Any CPU
		{CEF20A35-8E37-4C1F-8631-B5E4B8CD344A}.Debug|Any CPU.ActiveCfg = Debug|Any CPU
		{CEF20A35-8E37-4C1F-8631-B5E4B8CD344A}.Debug|Any CPU.Build.0 = Debug|Any CPU
		{CEF20A35-8E37-4C1F-8631-B5E4B8CD344A}.Release|Any CPU.ActiveCfg = Release|Any CPU
		{CEF20A35-8E37-4C1F-8631-B5E4B8CD344A}.Release|Any CPU.Build.0 = Release|Any CPU
	EndGlobalSection
	GlobalSection(SolutionProperties) = preSolution
		HideSolutionNode = FALSE
	EndGlobalSection
	GlobalSection(ExtensibilityGlobals) = postSolution
		SolutionGuid = {B8E49941-E74A-4192-86AA-189C1833173E}
	EndGlobalSection
EndGlobal
